// !$*UTF8*$!
{
	archiveVersion = 1;
	classes = {
	};
	objectVersion = 50;
	objects = {

/* Begin PBXBuildFile section */
		8D4CF0DC22CB2ED200938C7E /* CanvasViewGenerator.m in Sources */ = {isa = PBXBuildFile; fileRef = 8D4CF0D822CB2ED200938C7E /* CanvasViewGenerator.m */; };
		8D4CF0DD22CB2ED200938C7E /* CanvasView.m in Sources */ = {isa = PBXBuildFile; fileRef = 8D4CF0D922CB2ED200938C7E /* CanvasView.m */; };
		8D4CF0E122CC515E00938C7E /* Charactor.m in Sources */ = {isa = PBXBuildFile; fileRef = 8D4CF0E022CC515E00938C7E /* Charactor.m */; };
		8D4CF0E422CC52C000938C7E /* CharactorBuilder.m in Sources */ = {isa = PBXBuildFile; fileRef = 8D4CF0E322CC52C000938C7E /* CharactorBuilder.m */; };
		8D4CF0E722CC54B600938C7E /* CharactorDirector.m in Sources */ = {isa = PBXBuildFile; fileRef = 8D4CF0E622CC54B600938C7E /* CharactorDirector.m */; };
		8D4CF0EB22CC5AB400938C7E /* AnotherCharactorDirector.m in Sources */ = {isa = PBXBuildFile; fileRef = 8D4CF0EA22CC5AB400938C7E /* AnotherCharactorDirector.m */; };
		8D4CF0EE22CC5B0700938C7E /* AnotherCharactorBuilderOne.m in Sources */ = {isa = PBXBuildFile; fileRef = 8D4CF0ED22CC5B0700938C7E /* AnotherCharactorBuilderOne.m */; };
		8D4CF0F122CC5B2B00938C7E /* AnotherCharactorBuilder.m in Sources */ = {isa = PBXBuildFile; fileRef = 8D4CF0F022CC5B2B00938C7E /* AnotherCharactorBuilder.m */; };
		8D4CF0F422CC5CAF00938C7E /* AnotherCharactorBuilderTwo.m in Sources */ = {isa = PBXBuildFile; fileRef = 8D4CF0F322CC5CAF00938C7E /* AnotherCharactorBuilderTwo.m */; };
		8D528A0622C496C6004930A4 /* AppDelegate.m in Sources */ = {isa = PBXBuildFile; fileRef = 8D528A0522C496C6004930A4 /* AppDelegate.m */; };
		8D528A0922C496C6004930A4 /* SceneDelegate.m in Sources */ = {isa = PBXBuildFile; fileRef = 8D528A0822C496C6004930A4 /* SceneDelegate.m */; };
		8D528A0C22C496C6004930A4 /* ViewController.m in Sources */ = {isa = PBXBuildFile; fileRef = 8D528A0B22C496C6004930A4 /* ViewController.m */; };
		8D528A0F22C496C6004930A4 /* Main.storyboard in Resources */ = {isa = PBXBuildFile; fileRef = 8D528A0D22C496C6004930A4 /* Main.storyboard */; };
		8D528A1122C496CB004930A4 /* Assets.xcassets in Resources */ = {isa = PBXBuildFile; fileRef = 8D528A1022C496CB004930A4 /* Assets.xcassets */; };
		8D528A1422C496CB004930A4 /* LaunchScreen.storyboard in Resources */ = {isa = PBXBuildFile; fileRef = 8D528A1222C496CB004930A4 /* LaunchScreen.storyboard */; };
		8D528A1722C496CB004930A4 /* main.m in Sources */ = {isa = PBXBuildFile; fileRef = 8D528A1622C496CB004930A4 /* main.m */; };
		8D528A2122C49C42004930A4 /* Stroke.m in Sources */ = {isa = PBXBuildFile; fileRef = 8D528A2022C49C42004930A4 /* Stroke.m */; };
		8D528A2722C49D55004930A4 /* Vertex.m in Sources */ = {isa = PBXBuildFile; fileRef = 8D528A2622C49D55004930A4 /* Vertex.m */; };
		8D528A2A22C49D6B004930A4 /* Dot.m in Sources */ = {isa = PBXBuildFile; fileRef = 8D528A2922C49D6B004930A4 /* Dot.m */; };
		8D74843522CDD2C800A03538 /* SSView.m in Sources */ = {isa = PBXBuildFile; fileRef = 8D74843422CDD2C800A03538 /* SSView.m */; };
		8D74843822CDD42600A03538 /* SSOldModel.m in Sources */ = {isa = PBXBuildFile; fileRef = 8D74843722CDD42500A03538 /* SSOldModel.m */; };
		8D74843B22CDD4F000A03538 /* SSNewModel.m in Sources */ = {isa = PBXBuildFile; fileRef = 8D74843A22CDD4F000A03538 /* SSNewModel.m */; };
		8D74843F22CDE6E000A03538 /* SSOldModelAdapter.m in Sources */ = {isa = PBXBuildFile; fileRef = 8D74843E22CDE6E000A03538 /* SSOldModelAdapter.m */; };
		8D74844222CDE6F500A03538 /* SSNewModelAdapter.m in Sources */ = {isa = PBXBuildFile; fileRef = 8D74844122CDE6F500A03538 /* SSNewModelAdapter.m */; };
/* End PBXBuildFile section */

/* Begin PBXFileReference section */
		8D4CF0D822CB2ED200938C7E /* CanvasViewGenerator.m */ = {isa = PBXFileReference; fileEncoding = 4; lastKnownFileType = sourcecode.c.objc; path = CanvasViewGenerator.m; sourceTree = "<group>"; };
		8D4CF0D922CB2ED200938C7E /* CanvasView.m */ = {isa = PBXFileReference; fileEncoding = 4; lastKnownFileType = sourcecode.c.objc; path = CanvasView.m; sourceTree = "<group>"; };
		8D4CF0DA22CB2ED200938C7E /* CanvasView.h */ = {isa = PBXFileReference; fileEncoding = 4; lastKnownFileType = sourcecode.c.h; path = CanvasView.h; sourceTree = "<group>"; };
		8D4CF0DB22CB2ED200938C7E /* CanvasViewGenerator.h */ = {isa = PBXFileReference; fileEncoding = 4; lastKnownFileType = sourcecode.c.h; path = CanvasViewGenerator.h; sourceTree = "<group>"; };
		8D4CF0DF22CC515E00938C7E /* Charactor.h */ = {isa = PBXFileReference; lastKnownFileType = sourcecode.c.h; path = Charactor.h; sourceTree = "<group>"; };
		8D4CF0E022CC515E00938C7E /* Charactor.m */ = {isa = PBXFileReference; lastKnownFileType = sourcecode.c.objc; path = Charactor.m; sourceTree = "<group>"; };
		8D4CF0E222CC52C000938C7E /* CharactorBuilder.h */ = {isa = PBXFileReference; lastKnownFileType = sourcecode.c.h; path = CharactorBuilder.h; sourceTree = "<group>"; };
		8D4CF0E322CC52C000938C7E /* CharactorBuilder.m */ = {isa = PBXFileReference; lastKnownFileType = sourcecode.c.objc; path = CharactorBuilder.m; sourceTree = "<group>"; };
		8D4CF0E522CC54B600938C7E /* CharactorDirector.h */ = {isa = PBXFileReference; lastKnownFileType = sourcecode.c.h; path = CharactorDirector.h; sourceTree = "<group>"; };
		8D4CF0E622CC54B600938C7E /* CharactorDirector.m */ = {isa = PBXFileReference; lastKnownFileType = sourcecode.c.objc; path = CharactorDirector.m; sourceTree = "<group>"; };
		8D4CF0E922CC5AB400938C7E /* AnotherCharactorDirector.h */ = {isa = PBXFileReference; lastKnownFileType = sourcecode.c.h; path = AnotherCharactorDirector.h; sourceTree = "<group>"; };
		8D4CF0EA22CC5AB400938C7E /* AnotherCharactorDirector.m */ = {isa = PBXFileReference; lastKnownFileType = sourcecode.c.objc; path = AnotherCharactorDirector.m; sourceTree = "<group>"; };
		8D4CF0EC22CC5B0700938C7E /* AnotherCharactorBuilderOne.h */ = {isa = PBXFileReference; lastKnownFileType = sourcecode.c.h; path = AnotherCharactorBuilderOne.h; sourceTree = "<group>"; };
		8D4CF0ED22CC5B0700938C7E /* AnotherCharactorBuilderOne.m */ = {isa = PBXFileReference; lastKnownFileType = sourcecode.c.objc; path = AnotherCharactorBuilderOne.m; sourceTree = "<group>"; };
		8D4CF0EF22CC5B2B00938C7E /* AnotherCharactorBuilder.h */ = {isa = PBXFileReference; lastKnownFileType = sourcecode.c.h; path = AnotherCharactorBuilder.h; sourceTree = "<group>"; };
		8D4CF0F022CC5B2B00938C7E /* AnotherCharactorBuilder.m */ = {isa = PBXFileReference; lastKnownFileType = sourcecode.c.objc; path = AnotherCharactorBuilder.m; sourceTree = "<group>"; };
		8D4CF0F222CC5CAF00938C7E /* AnotherCharactorBuilderTwo.h */ = {isa = PBXFileReference; lastKnownFileType = sourcecode.c.h; path = AnotherCharactorBuilderTwo.h; sourceTree = "<group>"; };
		8D4CF0F322CC5CAF00938C7E /* AnotherCharactorBuilderTwo.m */ = {isa = PBXFileReference; lastKnownFileType = sourcecode.c.objc; path = AnotherCharactorBuilderTwo.m; sourceTree = "<group>"; };
		8D528A0122C496C6004930A4 /* LearnDesignPatterns.app */ = {isa = PBXFileReference; explicitFileType = wrapper.application; includeInIndex = 0; path = LearnDesignPatterns.app; sourceTree = BUILT_PRODUCTS_DIR; };
		8D528A0422C496C6004930A4 /* AppDelegate.h */ = {isa = PBXFileReference; lastKnownFileType = sourcecode.c.h; path = AppDelegate.h; sourceTree = "<group>"; };
		8D528A0522C496C6004930A4 /* AppDelegate.m */ = {isa = PBXFileReference; lastKnownFileType = sourcecode.c.objc; path = AppDelegate.m; sourceTree = "<group>"; };
		8D528A0722C496C6004930A4 /* SceneDelegate.h */ = {isa = PBXFileReference; lastKnownFileType = sourcecode.c.h; path = SceneDelegate.h; sourceTree = "<group>"; };
		8D528A0822C496C6004930A4 /* SceneDelegate.m */ = {isa = PBXFileReference; lastKnownFileType = sourcecode.c.objc; path = SceneDelegate.m; sourceTree = "<group>"; };
		8D528A0A22C496C6004930A4 /* ViewController.h */ = {isa = PBXFileReference; lastKnownFileType = sourcecode.c.h; path = ViewController.h; sourceTree = "<group>"; };
		8D528A0B22C496C6004930A4 /* ViewController.m */ = {isa = PBXFileReference; lastKnownFileType = sourcecode.c.objc; path = ViewController.m; sourceTree = "<group>"; };
		8D528A0E22C496C6004930A4 /* Base */ = {isa = PBXFileReference; lastKnownFileType = file.storyboard; name = Base; path = Base.lproj/Main.storyboard; sourceTree = "<group>"; };
		8D528A1022C496CB004930A4 /* Assets.xcassets */ = {isa = PBXFileReference; lastKnownFileType = folder.assetcatalog; path = Assets.xcassets; sourceTree = "<group>"; };
		8D528A1322C496CB004930A4 /* Base */ = {isa = PBXFileReference; lastKnownFileType = file.storyboard; name = Base; path = Base.lproj/LaunchScreen.storyboard; sourceTree = "<group>"; };
		8D528A1522C496CB004930A4 /* Info.plist */ = {isa = PBXFileReference; lastKnownFileType = text.plist.xml; path = Info.plist; sourceTree = "<group>"; };
		8D528A1622C496CB004930A4 /* main.m */ = {isa = PBXFileReference; lastKnownFileType = sourcecode.c.objc; path = main.m; sourceTree = "<group>"; };
		8D528A1E22C49BBC004930A4 /* Mark.h */ = {isa = PBXFileReference; lastKnownFileType = sourcecode.c.h; path = Mark.h; sourceTree = "<group>"; };
		8D528A1F22C49C42004930A4 /* Stroke.h */ = {isa = PBXFileReference; lastKnownFileType = sourcecode.c.h; path = Stroke.h; sourceTree = "<group>"; };
		8D528A2022C49C42004930A4 /* Stroke.m */ = {isa = PBXFileReference; lastKnownFileType = sourcecode.c.objc; path = Stroke.m; sourceTree = "<group>"; };
		8D528A2522C49D55004930A4 /* Vertex.h */ = {isa = PBXFileReference; lastKnownFileType = sourcecode.c.h; path = Vertex.h; sourceTree = "<group>"; };
		8D528A2622C49D55004930A4 /* Vertex.m */ = {isa = PBXFileReference; lastKnownFileType = sourcecode.c.objc; path = Vertex.m; sourceTree = "<group>"; };
		8D528A2822C49D6B004930A4 /* Dot.h */ = {isa = PBXFileReference; lastKnownFileType = sourcecode.c.h; path = Dot.h; sourceTree = "<group>"; };
		8D528A2922C49D6B004930A4 /* Dot.m */ = {isa = PBXFileReference; lastKnownFileType = sourcecode.c.objc; path = Dot.m; sourceTree = "<group>"; };
		8D74843322CDD2C800A03538 /* SSView.h */ = {isa = PBXFileReference; lastKnownFileType = sourcecode.c.h; path = SSView.h; sourceTree = "<group>"; };
		8D74843422CDD2C800A03538 /* SSView.m */ = {isa = PBXFileReference; lastKnownFileType = sourcecode.c.objc; path = SSView.m; sourceTree = "<group>"; };
		8D74843622CDD42500A03538 /* SSOldModel.h */ = {isa = PBXFileReference; lastKnownFileType = sourcecode.c.h; path = SSOldModel.h; sourceTree = "<group>"; };
		8D74843722CDD42500A03538 /* SSOldModel.m */ = {isa = PBXFileReference; lastKnownFileType = sourcecode.c.objc; path = SSOldModel.m; sourceTree = "<group>"; };
		8D74843922CDD4F000A03538 /* SSNewModel.h */ = {isa = PBXFileReference; lastKnownFileType = sourcecode.c.h; path = SSNewModel.h; sourceTree = "<group>"; };
		8D74843A22CDD4F000A03538 /* SSNewModel.m */ = {isa = PBXFileReference; lastKnownFileType = sourcecode.c.objc; path = SSNewModel.m; sourceTree = "<group>"; };
		8D74843C22CDE69F00A03538 /* SSViewProtocol.h */ = {isa = PBXFileReference; lastKnownFileType = sourcecode.c.h; path = SSViewProtocol.h; sourceTree = "<group>"; };
		8D74843D22CDE6E000A03538 /* SSOldModelAdapter.h */ = {isa = PBXFileReference; lastKnownFileType = sourcecode.c.h; path = SSOldModelAdapter.h; sourceTree = "<group>"; };
		8D74843E22CDE6E000A03538 /* SSOldModelAdapter.m */ = {isa = PBXFileReference; lastKnownFileType = sourcecode.c.objc; path = SSOldModelAdapter.m; sourceTree = "<group>"; };
		8D74844022CDE6F500A03538 /* SSNewModelAdapter.h */ = {isa = PBXFileReference; lastKnownFileType = sourcecode.c.h; path = SSNewModelAdapter.h; sourceTree = "<group>"; };
		8D74844122CDE6F500A03538 /* SSNewModelAdapter.m */ = {isa = PBXFileReference; lastKnownFileType = sourcecode.c.objc; path = SSNewModelAdapter.m; sourceTree = "<group>"; };
/* End PBXFileReference section */

/* Begin PBXFrameworksBuildPhase section */
		8D5289FE22C496C6004930A4 /* Frameworks */ = {
			isa = PBXFrameworksBuildPhase;
			buildActionMask = 2147483647;
			files = (
			);
			runOnlyForDeploymentPostprocessing = 0;
		};
/* End PBXFrameworksBuildPhase section */

/* Begin PBXGroup section */
		8D4CF0D722CB2ED200938C7E /* 工厂方法 */ = {
			isa = PBXGroup;
			children = (
				8D4CF0DB22CB2ED200938C7E /* CanvasViewGenerator.h */,
				8D4CF0D822CB2ED200938C7E /* CanvasViewGenerator.m */,
				8D4CF0DA22CB2ED200938C7E /* CanvasView.h */,
				8D4CF0D922CB2ED200938C7E /* CanvasView.m */,
			);
			path = "工厂方法";
			sourceTree = "<group>";
		};
		8D4CF0DE22CC50E800938C7E /* 生成器 */ = {
			isa = PBXGroup;
			children = (
				8D4CF0DF22CC515E00938C7E /* Charactor.h */,
				8D4CF0E022CC515E00938C7E /* Charactor.m */,
				8D4CF0E222CC52C000938C7E /* CharactorBuilder.h */,
				8D4CF0E322CC52C000938C7E /* CharactorBuilder.m */,
				8D4CF0E522CC54B600938C7E /* CharactorDirector.h */,
				8D4CF0E622CC54B600938C7E /* CharactorDirector.m */,
			);
			path = "生成器";
			sourceTree = "<group>";
		};
		8D4CF0E822CC5A9000938C7E /* 生成器2 */ = {
			isa = PBXGroup;
			children = (
				8D4CF0E922CC5AB400938C7E /* AnotherCharactorDirector.h */,
				8D4CF0EA22CC5AB400938C7E /* AnotherCharactorDirector.m */,
				8D4CF0EF22CC5B2B00938C7E /* AnotherCharactorBuilder.h */,
				8D4CF0F022CC5B2B00938C7E /* AnotherCharactorBuilder.m */,
				8D4CF0EC22CC5B0700938C7E /* AnotherCharactorBuilderOne.h */,
				8D4CF0ED22CC5B0700938C7E /* AnotherCharactorBuilderOne.m */,
				8D4CF0F222CC5CAF00938C7E /* AnotherCharactorBuilderTwo.h */,
				8D4CF0F322CC5CAF00938C7E /* AnotherCharactorBuilderTwo.m */,
			);
			path = "生成器2";
			sourceTree = "<group>";
		};
		8D5289F822C496C6004930A4 = {
			isa = PBXGroup;
			children = (
				8D528A0322C496C6004930A4 /* LearnDesignPatterns */,
				8D528A0222C496C6004930A4 /* Products */,
			);
			sourceTree = "<group>";
		};
		8D528A0222C496C6004930A4 /* Products */ = {
			isa = PBXGroup;
			children = (
				8D528A0122C496C6004930A4 /* LearnDesignPatterns.app */,
			);
			name = Products;
			sourceTree = "<group>";
		};
		8D528A0322C496C6004930A4 /* LearnDesignPatterns */ = {
			isa = PBXGroup;
			children = (
				8D74843222CDD0D600A03538 /* 适配器 */,
				8D4CF0E822CC5A9000938C7E /* 生成器2 */,
				8D4CF0DE22CC50E800938C7E /* 生成器 */,
				8D4CF0D722CB2ED200938C7E /* 工厂方法 */,
				8D528A1D22C49B9E004930A4 /* Model */,
				8D528A0422C496C6004930A4 /* AppDelegate.h */,
				8D528A0522C496C6004930A4 /* AppDelegate.m */,
				8D528A0722C496C6004930A4 /* SceneDelegate.h */,
				8D528A0822C496C6004930A4 /* SceneDelegate.m */,
				8D528A0A22C496C6004930A4 /* ViewController.h */,
				8D528A0B22C496C6004930A4 /* ViewController.m */,
				8D528A0D22C496C6004930A4 /* Main.storyboard */,
				8D528A1022C496CB004930A4 /* Assets.xcassets */,
				8D528A1222C496CB004930A4 /* LaunchScreen.storyboard */,
				8D528A1522C496CB004930A4 /* Info.plist */,
				8D528A1622C496CB004930A4 /* main.m */,
			);
			path = LearnDesignPatterns;
			sourceTree = "<group>";
		};
		8D528A1D22C49B9E004930A4 /* Model */ = {
			isa = PBXGroup;
			children = (
				8D528A1E22C49BBC004930A4 /* Mark.h */,
				8D528A1F22C49C42004930A4 /* Stroke.h */,
				8D528A2022C49C42004930A4 /* Stroke.m */,
				8D528A2522C49D55004930A4 /* Vertex.h */,
				8D528A2622C49D55004930A4 /* Vertex.m */,
				8D528A2822C49D6B004930A4 /* Dot.h */,
				8D528A2922C49D6B004930A4 /* Dot.m */,
			);
			path = Model;
			sourceTree = "<group>";
		};
		8D74843222CDD0D600A03538 /* 适配器 */ = {
			isa = PBXGroup;
			children = (
				8D74843322CDD2C800A03538 /* SSView.h */,
				8D74843422CDD2C800A03538 /* SSView.m */,
				8D74843C22CDE69F00A03538 /* SSViewProtocol.h */,
				8D74843622CDD42500A03538 /* SSOldModel.h */,
				8D74843722CDD42500A03538 /* SSOldModel.m */,
				8D74843922CDD4F000A03538 /* SSNewModel.h */,
				8D74843A22CDD4F000A03538 /* SSNewModel.m */,
				8D74843D22CDE6E000A03538 /* SSOldModelAdapter.h */,
				8D74843E22CDE6E000A03538 /* SSOldModelAdapter.m */,
				8D74844022CDE6F500A03538 /* SSNewModelAdapter.h */,
				8D74844122CDE6F500A03538 /* SSNewModelAdapter.m */,
			);
			path = "适配器";
			sourceTree = "<group>";
		};
/* End PBXGroup section */

/* Begin PBXNativeTarget section */
		8D528A0022C496C6004930A4 /* LearnDesignPatterns */ = {
			isa = PBXNativeTarget;
			buildConfigurationList = 8D528A1A22C496CB004930A4 /* Build configuration list for PBXNativeTarget "LearnDesignPatterns" */;
			buildPhases = (
				8D5289FD22C496C6004930A4 /* Sources */,
				8D5289FE22C496C6004930A4 /* Frameworks */,
				8D5289FF22C496C6004930A4 /* Resources */,
			);
			buildRules = (
			);
			dependencies = (
			);
			name = LearnDesignPatterns;
			productName = LearnDesignPatterns;
			productReference = 8D528A0122C496C6004930A4 /* LearnDesignPatterns.app */;
			productType = "com.apple.product-type.application";
		};
/* End PBXNativeTarget section */

/* Begin PBXProject section */
		8D5289F922C496C6004930A4 /* Project object */ = {
			isa = PBXProject;
			attributes = {
				LastUpgradeCheck = 1100;
				ORGANIZATIONNAME = sun;
				TargetAttributes = {
					8D528A0022C496C6004930A4 = {
						CreatedOnToolsVersion = 11.0;
					};
				};
			};
			buildConfigurationList = 8D5289FC22C496C6004930A4 /* Build configuration list for PBXProject "LearnDesignPatterns" */;
			compatibilityVersion = "Xcode 9.3";
			developmentRegion = en;
			hasScannedForEncodings = 0;
			knownRegions = (
				en,
				Base,
			);
			mainGroup = 8D5289F822C496C6004930A4;
			productRefGroup = 8D528A0222C496C6004930A4 /* Products */;
			projectDirPath = "";
			projectRoot = "";
			targets = (
				8D528A0022C496C6004930A4 /* LearnDesignPatterns */,
			);
		};
/* End PBXProject section */

/* Begin PBXResourcesBuildPhase section */
		8D5289FF22C496C6004930A4 /* Resources */ = {
			isa = PBXResourcesBuildPhase;
			buildActionMask = 2147483647;
			files = (
				8D528A1422C496CB004930A4 /* LaunchScreen.storyboard in Resources */,
				8D528A1122C496CB004930A4 /* Assets.xcassets in Resources */,
				8D528A0F22C496C6004930A4 /* Main.storyboard in Resources */,
			);
			runOnlyForDeploymentPostprocessing = 0;
		};
/* End PBXResourcesBuildPhase section */

/* Begin PBXSourcesBuildPhase section */
		8D5289FD22C496C6004930A4 /* Sources */ = {
			isa = PBXSourcesBuildPhase;
			buildActionMask = 2147483647;
			files = (
				8D4CF0F422CC5CAF00938C7E /* AnotherCharactorBuilderTwo.m in Sources */,
				8D4CF0DC22CB2ED200938C7E /* CanvasViewGenerator.m in Sources */,
				8D4CF0E722CC54B600938C7E /* CharactorDirector.m in Sources */,
				8D4CF0E422CC52C000938C7E /* CharactorBuilder.m in Sources */,
				8D4CF0E122CC515E00938C7E /* Charactor.m in Sources */,
				8D74844222CDE6F500A03538 /* SSNewModelAdapter.m in Sources */,
				8D4CF0EB22CC5AB400938C7E /* AnotherCharactorDirector.m in Sources */,
				8D4CF0DD22CB2ED200938C7E /* CanvasView.m in Sources */,
				8D528A0C22C496C6004930A4 /* ViewController.m in Sources */,
				8D528A2722C49D55004930A4 /* Vertex.m in Sources */,
				8D74843B22CDD4F000A03538 /* SSNewModel.m in Sources */,
				8D4CF0F122CC5B2B00938C7E /* AnotherCharactorBuilder.m in Sources */,
				8D528A2122C49C42004930A4 /* Stroke.m in Sources */,
				8D528A0622C496C6004930A4 /* AppDelegate.m in Sources */,
				8D528A1722C496CB004930A4 /* main.m in Sources */,
				8D528A2A22C49D6B004930A4 /* Dot.m in Sources */,
				8D4CF0EE22CC5B0700938C7E /* AnotherCharactorBuilderOne.m in Sources */,
				8D74843522CDD2C800A03538 /* SSView.m in Sources */,
				8D74843F22CDE6E000A03538 /* SSOldModelAdapter.m in Sources */,
				8D528A0922C496C6004930A4 /* SceneDelegate.m in Sources */,
				8D74843822CDD42600A03538 /* SSOldModel.m in Sources */,
			);
			runOnlyForDeploymentPostprocessing = 0;
		};
/* End PBXSourcesBuildPhase section */

/* Begin PBXVariantGroup section */
		8D528A0D22C496C6004930A4 /* Main.storyboard */ = {
			isa = PBXVariantGroup;
			children = (
				8D528A0E22C496C6004930A4 /* Base */,
			);
			name = Main.storyboard;
			sourceTree = "<group>";
		};
		8D528A1222C496CB004930A4 /* LaunchScreen.storyboard */ = {
			isa = PBXVariantGroup;
			children = (
				8D528A1322C496CB004930A4 /* Base */,
			);
			name = LaunchScreen.storyboard;
			sourceTree = "<group>";
		};
/* End PBXVariantGroup section */

/* Begin XCBuildConfiguration section */
		8D528A1822C496CB004930A4 /* Debug */ = {
			isa = XCBuildConfiguration;
			buildSettings = {
				ALWAYS_SEARCH_USER_PATHS = NO;
				CLANG_ANALYZER_NONNULL = YES;
				CLANG_ANALYZER_NUMBER_OBJECT_CONVERSION = YES_AGGRESSIVE;
				CLANG_CXX_LANGUAGE_STANDARD = "gnu++14";
				CLANG_CXX_LIBRARY = "libc++";
				CLANG_ENABLE_MODULES = YES;
				CLANG_ENABLE_OBJC_ARC = YES;
				CLANG_ENABLE_OBJC_WEAK = YES;
				CLANG_WARN_BLOCK_CAPTURE_AUTORELEASING = YES;
				CLANG_WARN_BOOL_CONVERSION = YES;
				CLANG_WARN_COMMA = YES;
				CLANG_WARN_CONSTANT_CONVERSION = YES;
				CLANG_WARN_DEPRECATED_OBJC_IMPLEMENTATIONS = YES;
				CLANG_WARN_DIRECT_OBJC_ISA_USAGE = YES_ERROR;
				CLANG_WARN_DOCUMENTATION_COMMENTS = YES;
				CLANG_WARN_EMPTY_BODY = YES;
				CLANG_WARN_ENUM_CONVERSION = YES;
				CLANG_WARN_INFINITE_RECURSION = YES;
				CLANG_WARN_INT_CONVERSION = YES;
				CLANG_WARN_NON_LITERAL_NULL_CONVERSION = YES;
				CLANG_WARN_OBJC_IMPLICIT_RETAIN_SELF = YES;
				CLANG_WARN_OBJC_LITERAL_CONVERSION = YES;
				CLANG_WARN_OBJC_ROOT_CLASS = YES_ERROR;
				CLANG_WARN_RANGE_LOOP_ANALYSIS = YES;
				CLANG_WARN_STRICT_PROTOTYPES = YES;
				CLANG_WARN_SUSPICIOUS_MOVE = YES;
				CLANG_WARN_UNGUARDED_AVAILABILITY = YES_AGGRESSIVE;
				CLANG_WARN_UNREACHABLE_CODE = YES;
				CLANG_WARN__DUPLICATE_METHOD_MATCH = YES;
				COPY_PHASE_STRIP = NO;
				DEBUG_INFORMATION_FORMAT = dwarf;
				ENABLE_STRICT_OBJC_MSGSEND = YES;
				ENABLE_TESTABILITY = YES;
				GCC_C_LANGUAGE_STANDARD = gnu11;
				GCC_DYNAMIC_NO_PIC = NO;
				GCC_NO_COMMON_BLOCKS = YES;
				GCC_OPTIMIZATION_LEVEL = 0;
				GCC_PREPROCESSOR_DEFINITIONS = (
					"DEBUG=1",
					"$(inherited)",
				);
				GCC_WARN_64_TO_32_BIT_CONVERSION = YES;
				GCC_WARN_ABOUT_RETURN_TYPE = YES_ERROR;
				GCC_WARN_UNDECLARED_SELECTOR = YES;
				GCC_WARN_UNINITIALIZED_AUTOS = YES_AGGRESSIVE;
				GCC_WARN_UNUSED_FUNCTION = YES;
				GCC_WARN_UNUSED_VARIABLE = YES;
				IPHONEOS_DEPLOYMENT_TARGET = 13.0;
				MTL_ENABLE_DEBUG_INFO = INCLUDE_SOURCE;
				MTL_FAST_MATH = YES;
				ONLY_ACTIVE_ARCH = YES;
				SDKROOT = iphoneos;
			};
			name = Debug;
		};
		8D528A1922C496CB004930A4 /* Release */ = {
			isa = XCBuildConfiguration;
			buildSettings = {
				ALWAYS_SEARCH_USER_PATHS = NO;
				CLANG_ANALYZER_NONNULL = YES;
				CLANG_ANALYZER_NUMBER_OBJECT_CONVERSION = YES_AGGRESSIVE;
				CLANG_CXX_LANGUAGE_STANDARD = "gnu++14";
				CLANG_CXX_LIBRARY = "libc++";
				CLANG_ENABLE_MODULES = YES;
				CLANG_ENABLE_OBJC_ARC = YES;
				CLANG_ENABLE_OBJC_WEAK = YES;
				CLANG_WARN_BLOCK_CAPTURE_AUTORELEASING = YES;
				CLANG_WARN_BOOL_CONVERSION = YES;
				CLANG_WARN_COMMA = YES;
				CLANG_WARN_CONSTANT_CONVERSION = YES;
				CLANG_WARN_DEPRECATED_OBJC_IMPLEMENTATIONS = YES;
				CLANG_WARN_DIRECT_OBJC_ISA_USAGE = YES_ERROR;
				CLANG_WARN_DOCUMENTATION_COMMENTS = YES;
				CLANG_WARN_EMPTY_BODY = YES;
				CLANG_WARN_ENUM_CONVERSION = YES;
				CLANG_WARN_INFINITE_RECURSION = YES;
				CLANG_WARN_INT_CONVERSION = YES;
				CLANG_WARN_NON_LITERAL_NULL_CONVERSION = YES;
				CLANG_WARN_OBJC_IMPLICIT_RETAIN_SELF = YES;
				CLANG_WARN_OBJC_LITERAL_CONVERSION = YES;
				CLANG_WARN_OBJC_ROOT_CLASS = YES_ERROR;
				CLANG_WARN_RANGE_LOOP_ANALYSIS = YES;
				CLANG_WARN_STRICT_PROTOTYPES = YES;
				CLANG_WARN_SUSPICIOUS_MOVE = YES;
				CLANG_WARN_UNGUARDED_AVAILABILITY = YES_AGGRESSIVE;
				CLANG_WARN_UNREACHABLE_CODE = YES;
				CLANG_WARN__DUPLICATE_METHOD_MATCH = YES;
				COPY_PHASE_STRIP = NO;
				DEBUG_INFORMATION_FORMAT = "dwarf-with-dsym";
				ENABLE_NS_ASSERTIONS = NO;
				ENABLE_STRICT_OBJC_MSGSEND = YES;
				GCC_C_LANGUAGE_STANDARD = gnu11;
				GCC_NO_COMMON_BLOCKS = YES;
				GCC_WARN_64_TO_32_BIT_CONVERSION = YES;
				GCC_WARN_ABOUT_RETURN_TYPE = YES_ERROR;
				GCC_WARN_UNDECLARED_SELECTOR = YES;
				GCC_WARN_UNINITIALIZED_AUTOS = YES_AGGRESSIVE;
				GCC_WARN_UNUSED_FUNCTION = YES;
				GCC_WARN_UNUSED_VARIABLE = YES;
				IPHONEOS_DEPLOYMENT_TARGET = 13.0;
				MTL_ENABLE_DEBUG_INFO = NO;
				MTL_FAST_MATH = YES;
				SDKROOT = iphoneos;
				VALIDATE_PRODUCT = YES;
			};
			name = Release;
		};
		8D528A1B22C496CB004930A4 /* Debug */ = {
			isa = XCBuildConfiguration;
			buildSettings = {
				ASSETCATALOG_COMPILER_APPICON_NAME = AppIcon;
				CODE_SIGN_STYLE = Automatic;
				DEVELOPMENT_TEAM = CT357TP6P6;
				INFOPLIST_FILE = LearnDesignPatterns/Info.plist;
				LD_RUNPATH_SEARCH_PATHS = (
					"$(inherited)",
					"@executable_path/Frameworks",
				);
				PRODUCT_BUNDLE_IDENTIFIER = sunxb.LearnDesignPatterns;
				PRODUCT_NAME = "$(TARGET_NAME)";
				TARGETED_DEVICE_FAMILY = 1;
			};
			name = Debug;
		};
		8D528A1C22C496CB004930A4 /* Release */ = {
			isa = XCBuildConfiguration;
			buildSettings = {
				ASSETCATALOG_COMPILER_APPICON_NAME = AppIcon;
				CODE_SIGN_STYLE = Automatic;
				DEVELOPMENT_TEAM = CT357TP6P6;
				INFOPLIST_FILE = LearnDesignPatterns/Info.plist;
				LD_RUNPATH_SEARCH_PATHS = (
					"$(inherited)",
					"@executable_path/Frameworks",
				);
				PRODUCT_BUNDLE_IDENTIFIER = sunxb.LearnDesignPatterns;
				PRODUCT_NAME = "$(TARGET_NAME)";
				TARGETED_DEVICE_FAMILY = 1;
			};
			name = Release;
		};
/* End XCBuildConfiguration section */

/* Begin XCConfigurationList section */
		8D5289FC22C496C6004930A4 /* Build configuration list for PBXProject "LearnDesignPatterns" */ = {
			isa = XCConfigurationList;
			buildConfigurations = (
				8D528A1822C496CB004930A4 /* Debug */,
				8D528A1922C496CB004930A4 /* Release */,
			);
			defaultConfigurationIsVisible = 0;
			defaultConfigurationName = Release;
		};
		8D528A1A22C496CB004930A4 /* Build configuration list for PBXNativeTarget "LearnDesignPatterns" */ = {
			isa = XCConfigurationList;
			buildConfigurations = (
				8D528A1B22C496CB004930A4 /* Debug */,
				8D528A1C22C496CB004930A4 /* Release */,
			);
			defaultConfigurationIsVisible = 0;
			defaultConfigurationName = Release;
		};
/* End XCConfigurationList section */
	};
	rootObject = 8D5289F922C496C6004930A4 /* Project object */;
}
