// !$*UTF8*$!
{
	archiveVersion = 1;
	classes = {
	};
	objectVersion = 50;
	objects = {

/* Begin PBXBuildFile section */
		8D38C8F42436FB850027C50E /* BookShelfOperator.m in Sources */ = {isa = PBXBuildFile; fileRef = 8D38C8F32436FB850027C50E /* BookShelfOperator.m */; };
		8D38C8F8243709430027C50E /* Banner.m in Sources */ = {isa = PBXBuildFile; fileRef = 8D38C8F7243709430027C50E /* Banner.m */; };
		8D38C8FC24370A070027C50E /* BannerPrinter.m in Sources */ = {isa = PBXBuildFile; fileRef = 8D38C8FB24370A070027C50E /* BannerPrinter.m */; };
		8D38C8FF24370A6E0027C50E /* BannerPrinter2.m in Sources */ = {isa = PBXBuildFile; fileRef = 8D38C8FE24370A6E0027C50E /* BannerPrinter2.m */; };
		8D38C90324371F790027C50E /* AbstractDisplay.m in Sources */ = {isa = PBXBuildFile; fileRef = 8D38C90224371F790027C50E /* AbstractDisplay.m */; };
		8D38C906243720400027C50E /* CharDisplay.m in Sources */ = {isa = PBXBuildFile; fileRef = 8D38C905243720400027C50E /* CharDisplay.m */; };
		8D38C9092437208D0027C50E /* StringDisplay.m in Sources */ = {isa = PBXBuildFile; fileRef = 8D38C9082437208D0027C50E /* StringDisplay.m */; };
		8D72F8DE24333D2000F847BE /* AppDelegate.m in Sources */ = {isa = PBXBuildFile; fileRef = 8D72F8DD24333D2000F847BE /* AppDelegate.m */; };
		8D72F8E424333D2000F847BE /* ViewController.m in Sources */ = {isa = PBXBuildFile; fileRef = 8D72F8E324333D2000F847BE /* ViewController.m */; };
		8D72F8E724333D2100F847BE /* Main.storyboard in Resources */ = {isa = PBXBuildFile; fileRef = 8D72F8E524333D2100F847BE /* Main.storyboard */; };
		8D72F8E924333D2200F847BE /* Assets.xcassets in Resources */ = {isa = PBXBuildFile; fileRef = 8D72F8E824333D2200F847BE /* Assets.xcassets */; };
		8D72F8EC24333D2200F847BE /* LaunchScreen.storyboard in Resources */ = {isa = PBXBuildFile; fileRef = 8D72F8EA24333D2200F847BE /* LaunchScreen.storyboard */; };
		8D72F8EF24333D2200F847BE /* main.m in Sources */ = {isa = PBXBuildFile; fileRef = 8D72F8EE24333D2200F847BE /* main.m */; };
		8D72F8F824333DF600F847BE /* Book.m in Sources */ = {isa = PBXBuildFile; fileRef = 8D72F8F724333DF600F847BE /* Book.m */; };
		8D72F8FB24333E1700F847BE /* BookShelf.m in Sources */ = {isa = PBXBuildFile; fileRef = 8D72F8FA24333E1700F847BE /* BookShelf.m */; };
		8D72F8FE24333E3A00F847BE /* BookShelfIterator.m in Sources */ = {isa = PBXBuildFile; fileRef = 8D72F8FD24333E3A00F847BE /* BookShelfIterator.m */; };
/* End PBXBuildFile section */

/* Begin PBXFileReference section */
		8D38C8F12436FABF0027C50E /* Operator.h */ = {isa = PBXFileReference; lastKnownFileType = sourcecode.c.h; path = Operator.h; sourceTree = "<group>"; };
		8D38C8F22436FB850027C50E /* BookShelfOperator.h */ = {isa = PBXFileReference; lastKnownFileType = sourcecode.c.h; path = BookShelfOperator.h; sourceTree = "<group>"; };
		8D38C8F32436FB850027C50E /* BookShelfOperator.m */ = {isa = PBXFileReference; lastKnownFileType = sourcecode.c.objc; path = BookShelfOperator.m; sourceTree = "<group>"; };
		8D38C8F6243709430027C50E /* Banner.h */ = {isa = PBXFileReference; lastKnownFileType = sourcecode.c.h; path = Banner.h; sourceTree = "<group>"; };
		8D38C8F7243709430027C50E /* Banner.m */ = {isa = PBXFileReference; lastKnownFileType = sourcecode.c.objc; path = Banner.m; sourceTree = "<group>"; };
		8D38C8F9243709DF0027C50E /* Print.h */ = {isa = PBXFileReference; lastKnownFileType = sourcecode.c.h; path = Print.h; sourceTree = "<group>"; };
		8D38C8FA24370A070027C50E /* BannerPrinter.h */ = {isa = PBXFileReference; lastKnownFileType = sourcecode.c.h; path = BannerPrinter.h; sourceTree = "<group>"; };
		8D38C8FB24370A070027C50E /* BannerPrinter.m */ = {isa = PBXFileReference; lastKnownFileType = sourcecode.c.objc; path = BannerPrinter.m; sourceTree = "<group>"; };
		8D38C8FD24370A6E0027C50E /* BannerPrinter2.h */ = {isa = PBXFileReference; lastKnownFileType = sourcecode.c.h; path = BannerPrinter2.h; sourceTree = "<group>"; };
		8D38C8FE24370A6E0027C50E /* BannerPrinter2.m */ = {isa = PBXFileReference; lastKnownFileType = sourcecode.c.objc; path = BannerPrinter2.m; sourceTree = "<group>"; };
		8D38C90124371F790027C50E /* AbstractDisplay.h */ = {isa = PBXFileReference; lastKnownFileType = sourcecode.c.h; path = AbstractDisplay.h; sourceTree = "<group>"; };
		8D38C90224371F790027C50E /* AbstractDisplay.m */ = {isa = PBXFileReference; lastKnownFileType = sourcecode.c.objc; path = AbstractDisplay.m; sourceTree = "<group>"; };
		8D38C904243720400027C50E /* CharDisplay.h */ = {isa = PBXFileReference; lastKnownFileType = sourcecode.c.h; path = CharDisplay.h; sourceTree = "<group>"; };
		8D38C905243720400027C50E /* CharDisplay.m */ = {isa = PBXFileReference; lastKnownFileType = sourcecode.c.objc; path = CharDisplay.m; sourceTree = "<group>"; };
		8D38C9072437208D0027C50E /* StringDisplay.h */ = {isa = PBXFileReference; lastKnownFileType = sourcecode.c.h; path = StringDisplay.h; sourceTree = "<group>"; };
		8D38C9082437208D0027C50E /* StringDisplay.m */ = {isa = PBXFileReference; lastKnownFileType = sourcecode.c.objc; path = StringDisplay.m; sourceTree = "<group>"; };
		8D72F8D924333D2000F847BE /* 设计模式.app */ = {isa = PBXFileReference; explicitFileType = wrapper.application; includeInIndex = 0; path = "设计模式.app"; sourceTree = BUILT_PRODUCTS_DIR; };
		8D72F8DC24333D2000F847BE /* AppDelegate.h */ = {isa = PBXFileReference; lastKnownFileType = sourcecode.c.h; path = AppDelegate.h; sourceTree = "<group>"; };
		8D72F8DD24333D2000F847BE /* AppDelegate.m */ = {isa = PBXFileReference; lastKnownFileType = sourcecode.c.objc; path = AppDelegate.m; sourceTree = "<group>"; };
		8D72F8E224333D2000F847BE /* ViewController.h */ = {isa = PBXFileReference; lastKnownFileType = sourcecode.c.h; path = ViewController.h; sourceTree = "<group>"; };
		8D72F8E324333D2000F847BE /* ViewController.m */ = {isa = PBXFileReference; lastKnownFileType = sourcecode.c.objc; path = ViewController.m; sourceTree = "<group>"; };
		8D72F8E624333D2100F847BE /* Base */ = {isa = PBXFileReference; lastKnownFileType = file.storyboard; name = Base; path = Base.lproj/Main.storyboard; sourceTree = "<group>"; };
		8D72F8E824333D2200F847BE /* Assets.xcassets */ = {isa = PBXFileReference; lastKnownFileType = folder.assetcatalog; path = Assets.xcassets; sourceTree = "<group>"; };
		8D72F8EB24333D2200F847BE /* Base */ = {isa = PBXFileReference; lastKnownFileType = file.storyboard; name = Base; path = Base.lproj/LaunchScreen.storyboard; sourceTree = "<group>"; };
		8D72F8ED24333D2200F847BE /* Info.plist */ = {isa = PBXFileReference; lastKnownFileType = text.plist.xml; path = Info.plist; sourceTree = "<group>"; };
		8D72F8EE24333D2200F847BE /* main.m */ = {isa = PBXFileReference; lastKnownFileType = sourcecode.c.objc; path = main.m; sourceTree = "<group>"; };
		8D72F8F624333DF600F847BE /* Book.h */ = {isa = PBXFileReference; lastKnownFileType = sourcecode.c.h; path = Book.h; sourceTree = "<group>"; };
		8D72F8F724333DF600F847BE /* Book.m */ = {isa = PBXFileReference; lastKnownFileType = sourcecode.c.objc; path = Book.m; sourceTree = "<group>"; };
		8D72F8F924333E1700F847BE /* BookShelf.h */ = {isa = PBXFileReference; lastKnownFileType = sourcecode.c.h; path = BookShelf.h; sourceTree = "<group>"; };
		8D72F8FA24333E1700F847BE /* BookShelf.m */ = {isa = PBXFileReference; lastKnownFileType = sourcecode.c.objc; path = BookShelf.m; sourceTree = "<group>"; };
		8D72F8FC24333E3A00F847BE /* BookShelfIterator.h */ = {isa = PBXFileReference; lastKnownFileType = sourcecode.c.h; path = BookShelfIterator.h; sourceTree = "<group>"; };
		8D72F8FD24333E3A00F847BE /* BookShelfIterator.m */ = {isa = PBXFileReference; lastKnownFileType = sourcecode.c.objc; path = BookShelfIterator.m; sourceTree = "<group>"; };
		8D72F8FF24333E7100F847BE /* Aggregate.h */ = {isa = PBXFileReference; lastKnownFileType = sourcecode.c.h; path = Aggregate.h; sourceTree = "<group>"; };
		8D72F90024333E8500F847BE /* Iterator.h */ = {isa = PBXFileReference; lastKnownFileType = sourcecode.c.h; path = Iterator.h; sourceTree = "<group>"; };
/* End PBXFileReference section */

/* Begin PBXFrameworksBuildPhase section */
		8D72F8D624333D2000F847BE /* Frameworks */ = {
			isa = PBXFrameworksBuildPhase;
			buildActionMask = 2147483647;
			files = (
			);
			runOnlyForDeploymentPostprocessing = 0;
		};
/* End PBXFrameworksBuildPhase section */

/* Begin PBXGroup section */
		8D38C8F5243709190027C50E /* Adapter(适配器) */ = {
			isa = PBXGroup;
			children = (
				8D38C8F6243709430027C50E /* Banner.h */,
				8D38C8F7243709430027C50E /* Banner.m */,
				8D38C8F9243709DF0027C50E /* Print.h */,
				8D38C8FA24370A070027C50E /* BannerPrinter.h */,
				8D38C8FB24370A070027C50E /* BannerPrinter.m */,
				8D38C8FD24370A6E0027C50E /* BannerPrinter2.h */,
				8D38C8FE24370A6E0027C50E /* BannerPrinter2.m */,
			);
			path = "Adapter(适配器)";
			sourceTree = "<group>";
		};
		8D38C90024371E850027C50E /* TemplateMethod(模板) */ = {
			isa = PBXGroup;
			children = (
				8D38C90124371F790027C50E /* AbstractDisplay.h */,
				8D38C90224371F790027C50E /* AbstractDisplay.m */,
				8D38C904243720400027C50E /* CharDisplay.h */,
				8D38C905243720400027C50E /* CharDisplay.m */,
				8D38C9072437208D0027C50E /* StringDisplay.h */,
				8D38C9082437208D0027C50E /* StringDisplay.m */,
			);
			path = "TemplateMethod(模板)";
			sourceTree = "<group>";
		};
		8D72F8D024333D2000F847BE = {
			isa = PBXGroup;
			children = (
				8D72F8DB24333D2000F847BE /* 设计模式 */,
				8D72F8DA24333D2000F847BE /* Products */,
			);
			sourceTree = "<group>";
		};
		8D72F8DA24333D2000F847BE /* Products */ = {
			isa = PBXGroup;
			children = (
				8D72F8D924333D2000F847BE /* 设计模式.app */,
			);
			name = Products;
			sourceTree = "<group>";
		};
		8D72F8DB24333D2000F847BE /* 设计模式 */ = {
			isa = PBXGroup;
			children = (
				8D38C90024371E850027C50E /* TemplateMethod(模板) */,
				8D38C8F5243709190027C50E /* Adapter(适配器) */,
				8D72F8F524333D2C00F847BE /* Iterator(迭代器)模式 */,
				8D72F8DC24333D2000F847BE /* AppDelegate.h */,
				8D72F8DD24333D2000F847BE /* AppDelegate.m */,
				8D72F8E224333D2000F847BE /* ViewController.h */,
				8D72F8E324333D2000F847BE /* ViewController.m */,
				8D72F8E524333D2100F847BE /* Main.storyboard */,
				8D72F8E824333D2200F847BE /* Assets.xcassets */,
				8D72F8EA24333D2200F847BE /* LaunchScreen.storyboard */,
				8D72F8ED24333D2200F847BE /* Info.plist */,
				8D72F8EE24333D2200F847BE /* main.m */,
			);
			path = "设计模式";
			sourceTree = "<group>";
		};
		8D72F8F524333D2C00F847BE /* Iterator(迭代器)模式 */ = {
			isa = PBXGroup;
			children = (
				8D72F8FF24333E7100F847BE /* Aggregate.h */,
				8D38C8F12436FABF0027C50E /* Operator.h */,
				8D72F90024333E8500F847BE /* Iterator.h */,
				8D72F8F624333DF600F847BE /* Book.h */,
				8D72F8F724333DF600F847BE /* Book.m */,
				8D72F8F924333E1700F847BE /* BookShelf.h */,
				8D72F8FA24333E1700F847BE /* BookShelf.m */,
				8D72F8FC24333E3A00F847BE /* BookShelfIterator.h */,
				8D72F8FD24333E3A00F847BE /* BookShelfIterator.m */,
				8D38C8F22436FB850027C50E /* BookShelfOperator.h */,
				8D38C8F32436FB850027C50E /* BookShelfOperator.m */,
			);
			path = "Iterator(迭代器)模式";
			sourceTree = "<group>";
		};
/* End PBXGroup section */

/* Begin PBXNativeTarget section */
		8D72F8D824333D2000F847BE /* 设计模式 */ = {
			isa = PBXNativeTarget;
			buildConfigurationList = 8D72F8F224333D2200F847BE /* Build configuration list for PBXNativeTarget "设计模式" */;
			buildPhases = (
				8D72F8D524333D2000F847BE /* Sources */,
				8D72F8D624333D2000F847BE /* Frameworks */,
				8D72F8D724333D2000F847BE /* Resources */,
			);
			buildRules = (
			);
			dependencies = (
			);
			name = "设计模式";
			productName = "设计模式";
			productReference = 8D72F8D924333D2000F847BE /* 设计模式.app */;
			productType = "com.apple.product-type.application";
		};
/* End PBXNativeTarget section */

/* Begin PBXProject section */
		8D72F8D124333D2000F847BE /* Project object */ = {
			isa = PBXProject;
			attributes = {
				LastUpgradeCheck = 1130;
				ORGANIZATIONNAME = sunxb;
				TargetAttributes = {
					8D72F8D824333D2000F847BE = {
						CreatedOnToolsVersion = 11.3.1;
					};
				};
			};
			buildConfigurationList = 8D72F8D424333D2000F847BE /* Build configuration list for PBXProject "设计模式" */;
			compatibilityVersion = "Xcode 9.3";
			developmentRegion = en;
			hasScannedForEncodings = 0;
			knownRegions = (
				en,
				Base,
			);
			mainGroup = 8D72F8D024333D2000F847BE;
			productRefGroup = 8D72F8DA24333D2000F847BE /* Products */;
			projectDirPath = "";
			projectRoot = "";
			targets = (
				8D72F8D824333D2000F847BE /* 设计模式 */,
			);
		};
/* End PBXProject section */

/* Begin PBXResourcesBuildPhase section */
		8D72F8D724333D2000F847BE /* Resources */ = {
			isa = PBXResourcesBuildPhase;
			buildActionMask = 2147483647;
			files = (
				8D72F8EC24333D2200F847BE /* LaunchScreen.storyboard in Resources */,
				8D72F8E924333D2200F847BE /* Assets.xcassets in Resources */,
				8D72F8E724333D2100F847BE /* Main.storyboard in Resources */,
			);
			runOnlyForDeploymentPostprocessing = 0;
		};
/* End PBXResourcesBuildPhase section */

/* Begin PBXSourcesBuildPhase section */
		8D72F8D524333D2000F847BE /* Sources */ = {
			isa = PBXSourcesBuildPhase;
			buildActionMask = 2147483647;
			files = (
				8D38C9092437208D0027C50E /* StringDisplay.m in Sources */,
				8D72F8FB24333E1700F847BE /* BookShelf.m in Sources */,
				8D38C90324371F790027C50E /* AbstractDisplay.m in Sources */,
				8D38C8F8243709430027C50E /* Banner.m in Sources */,
				8D72F8F824333DF600F847BE /* Book.m in Sources */,
				8D38C906243720400027C50E /* CharDisplay.m in Sources */,
				8D38C8FF24370A6E0027C50E /* BannerPrinter2.m in Sources */,
				8D38C8FC24370A070027C50E /* BannerPrinter.m in Sources */,
				8D72F8E424333D2000F847BE /* ViewController.m in Sources */,
				8D72F8FE24333E3A00F847BE /* BookShelfIterator.m in Sources */,
				8D72F8DE24333D2000F847BE /* AppDelegate.m in Sources */,
				8D72F8EF24333D2200F847BE /* main.m in Sources */,
				8D38C8F42436FB850027C50E /* BookShelfOperator.m in Sources */,
			);
			runOnlyForDeploymentPostprocessing = 0;
		};
/* End PBXSourcesBuildPhase section */

/* Begin PBXVariantGroup section */
		8D72F8E524333D2100F847BE /* Main.storyboard */ = {
			isa = PBXVariantGroup;
			children = (
				8D72F8E624333D2100F847BE /* Base */,
			);
			name = Main.storyboard;
			sourceTree = "<group>";
		};
		8D72F8EA24333D2200F847BE /* LaunchScreen.storyboard */ = {
			isa = PBXVariantGroup;
			children = (
				8D72F8EB24333D2200F847BE /* Base */,
			);
			name = LaunchScreen.storyboard;
			sourceTree = "<group>";
		};
/* End PBXVariantGroup section */

/* Begin XCBuildConfiguration section */
		8D72F8F024333D2200F847BE /* Debug */ = {
			isa = XCBuildConfiguration;
			buildSettings = {
				ALWAYS_SEARCH_USER_PATHS = NO;
				CLANG_ANALYZER_NONNULL = YES;
				CLANG_ANALYZER_NUMBER_OBJECT_CONVERSION = YES_AGGRESSIVE;
				CLANG_CXX_LANGUAGE_STANDARD = "gnu++14";
				CLANG_CXX_LIBRARY = "libc++";
				CLANG_ENABLE_MODULES = YES;
				CLANG_ENABLE_OBJC_ARC = YES;
				CLANG_ENABLE_OBJC_WEAK = YES;
				CLANG_WARN_BLOCK_CAPTURE_AUTORELEASING = YES;
				CLANG_WARN_BOOL_CONVERSION = YES;
				CLANG_WARN_COMMA = YES;
				CLANG_WARN_CONSTANT_CONVERSION = YES;
				CLANG_WARN_DEPRECATED_OBJC_IMPLEMENTATIONS = YES;
				CLANG_WARN_DIRECT_OBJC_ISA_USAGE = YES_ERROR;
				CLANG_WARN_DOCUMENTATION_COMMENTS = YES;
				CLANG_WARN_EMPTY_BODY = YES;
				CLANG_WARN_ENUM_CONVERSION = YES;
				CLANG_WARN_INFINITE_RECURSION = YES;
				CLANG_WARN_INT_CONVERSION = YES;
				CLANG_WARN_NON_LITERAL_NULL_CONVERSION = YES;
				CLANG_WARN_OBJC_IMPLICIT_RETAIN_SELF = YES;
				CLANG_WARN_OBJC_LITERAL_CONVERSION = YES;
				CLANG_WARN_OBJC_ROOT_CLASS = YES_ERROR;
				CLANG_WARN_RANGE_LOOP_ANALYSIS = YES;
				CLANG_WARN_STRICT_PROTOTYPES = YES;
				CLANG_WARN_SUSPICIOUS_MOVE = YES;
				CLANG_WARN_UNGUARDED_AVAILABILITY = YES_AGGRESSIVE;
				CLANG_WARN_UNREACHABLE_CODE = YES;
				CLANG_WARN__DUPLICATE_METHOD_MATCH = YES;
				COPY_PHASE_STRIP = NO;
				DEBUG_INFORMATION_FORMAT = dwarf;
				ENABLE_STRICT_OBJC_MSGSEND = YES;
				ENABLE_TESTABILITY = YES;
				GCC_C_LANGUAGE_STANDARD = gnu11;
				GCC_DYNAMIC_NO_PIC = NO;
				GCC_NO_COMMON_BLOCKS = YES;
				GCC_OPTIMIZATION_LEVEL = 0;
				GCC_PREPROCESSOR_DEFINITIONS = (
					"DEBUG=1",
					"$(inherited)",
				);
				GCC_WARN_64_TO_32_BIT_CONVERSION = YES;
				GCC_WARN_ABOUT_RETURN_TYPE = YES_ERROR;
				GCC_WARN_UNDECLARED_SELECTOR = YES;
				GCC_WARN_UNINITIALIZED_AUTOS = YES_AGGRESSIVE;
				GCC_WARN_UNUSED_FUNCTION = YES;
				GCC_WARN_UNUSED_VARIABLE = YES;
				IPHONEOS_DEPLOYMENT_TARGET = 13.2;
				MTL_ENABLE_DEBUG_INFO = INCLUDE_SOURCE;
				MTL_FAST_MATH = YES;
				ONLY_ACTIVE_ARCH = YES;
				SDKROOT = iphoneos;
			};
			name = Debug;
		};
		8D72F8F124333D2200F847BE /* Release */ = {
			isa = XCBuildConfiguration;
			buildSettings = {
				ALWAYS_SEARCH_USER_PATHS = NO;
				CLANG_ANALYZER_NONNULL = YES;
				CLANG_ANALYZER_NUMBER_OBJECT_CONVERSION = YES_AGGRESSIVE;
				CLANG_CXX_LANGUAGE_STANDARD = "gnu++14";
				CLANG_CXX_LIBRARY = "libc++";
				CLANG_ENABLE_MODULES = YES;
				CLANG_ENABLE_OBJC_ARC = YES;
				CLANG_ENABLE_OBJC_WEAK = YES;
				CLANG_WARN_BLOCK_CAPTURE_AUTORELEASING = YES;
				CLANG_WARN_BOOL_CONVERSION = YES;
				CLANG_WARN_COMMA = YES;
				CLANG_WARN_CONSTANT_CONVERSION = YES;
				CLANG_WARN_DEPRECATED_OBJC_IMPLEMENTATIONS = YES;
				CLANG_WARN_DIRECT_OBJC_ISA_USAGE = YES_ERROR;
				CLANG_WARN_DOCUMENTATION_COMMENTS = YES;
				CLANG_WARN_EMPTY_BODY = YES;
				CLANG_WARN_ENUM_CONVERSION = YES;
				CLANG_WARN_INFINITE_RECURSION = YES;
				CLANG_WARN_INT_CONVERSION = YES;
				CLANG_WARN_NON_LITERAL_NULL_CONVERSION = YES;
				CLANG_WARN_OBJC_IMPLICIT_RETAIN_SELF = YES;
				CLANG_WARN_OBJC_LITERAL_CONVERSION = YES;
				CLANG_WARN_OBJC_ROOT_CLASS = YES_ERROR;
				CLANG_WARN_RANGE_LOOP_ANALYSIS = YES;
				CLANG_WARN_STRICT_PROTOTYPES = YES;
				CLANG_WARN_SUSPICIOUS_MOVE = YES;
				CLANG_WARN_UNGUARDED_AVAILABILITY = YES_AGGRESSIVE;
				CLANG_WARN_UNREACHABLE_CODE = YES;
				CLANG_WARN__DUPLICATE_METHOD_MATCH = YES;
				COPY_PHASE_STRIP = NO;
				DEBUG_INFORMATION_FORMAT = "dwarf-with-dsym";
				ENABLE_NS_ASSERTIONS = NO;
				ENABLE_STRICT_OBJC_MSGSEND = YES;
				GCC_C_LANGUAGE_STANDARD = gnu11;
				GCC_NO_COMMON_BLOCKS = YES;
				GCC_WARN_64_TO_32_BIT_CONVERSION = YES;
				GCC_WARN_ABOUT_RETURN_TYPE = YES_ERROR;
				GCC_WARN_UNDECLARED_SELECTOR = YES;
				GCC_WARN_UNINITIALIZED_AUTOS = YES_AGGRESSIVE;
				GCC_WARN_UNUSED_FUNCTION = YES;
				GCC_WARN_UNUSED_VARIABLE = YES;
				IPHONEOS_DEPLOYMENT_TARGET = 13.2;
				MTL_ENABLE_DEBUG_INFO = NO;
				MTL_FAST_MATH = YES;
				SDKROOT = iphoneos;
				VALIDATE_PRODUCT = YES;
			};
			name = Release;
		};
		8D72F8F324333D2200F847BE /* Debug */ = {
			isa = XCBuildConfiguration;
			buildSettings = {
				ASSETCATALOG_COMPILER_APPICON_NAME = AppIcon;
				CODE_SIGN_STYLE = Automatic;
				INFOPLIST_FILE = "设计模式/Info.plist";
				LD_RUNPATH_SEARCH_PATHS = (
					"$(inherited)",
					"@executable_path/Frameworks",
				);
				PRODUCT_BUNDLE_IDENTIFIER = "sunxb.----";
				PRODUCT_NAME = "$(TARGET_NAME)";
				TARGETED_DEVICE_FAMILY = "1,2";
			};
			name = Debug;
		};
		8D72F8F424333D2200F847BE /* Release */ = {
			isa = XCBuildConfiguration;
			buildSettings = {
				ASSETCATALOG_COMPILER_APPICON_NAME = AppIcon;
				CODE_SIGN_STYLE = Automatic;
				INFOPLIST_FILE = "设计模式/Info.plist";
				LD_RUNPATH_SEARCH_PATHS = (
					"$(inherited)",
					"@executable_path/Frameworks",
				);
				PRODUCT_BUNDLE_IDENTIFIER = "sunxb.----";
				PRODUCT_NAME = "$(TARGET_NAME)";
				TARGETED_DEVICE_FAMILY = "1,2";
			};
			name = Release;
		};
/* End XCBuildConfiguration section */

/* Begin XCConfigurationList section */
		8D72F8D424333D2000F847BE /* Build configuration list for PBXProject "设计模式" */ = {
			isa = XCConfigurationList;
			buildConfigurations = (
				8D72F8F024333D2200F847BE /* Debug */,
				8D72F8F124333D2200F847BE /* Release */,
			);
			defaultConfigurationIsVisible = 0;
			defaultConfigurationName = Release;
		};
		8D72F8F224333D2200F847BE /* Build configuration list for PBXNativeTarget "设计模式" */ = {
			isa = XCConfigurationList;
			buildConfigurations = (
				8D72F8F324333D2200F847BE /* Debug */,
				8D72F8F424333D2200F847BE /* Release */,
			);
			defaultConfigurationIsVisible = 0;
			defaultConfigurationName = Release;
		};
/* End XCConfigurationList section */
	};
	rootObject = 8D72F8D124333D2000F847BE /* Project object */;
}
